
Microsoft Visual Studio Solution File, Format Version 12.00
# Visual Studio Version 17
VisualStudioVersion = 17.0.32112.339
MinimumVisualStudioVersion = 10.0.40219.1
Project("{FAE04EC0-301F-11D3-BF4B-00C04F79EFBC}") = "FirstBlazorDemo", "FirstBlazorDemo\FirstBlazorDemo.csproj", "{D871C188-805D-4A3C-AA1C-5D7FB7EBE412}"
EndProject
Global
	GlobalSection(SolutionConfigurationPlatforms) = preSolution
		Debug|Any CPU = Debug|Any CPU
		Release|Any CPU = Release|Any CPU
	EndGlobalSection
	GlobalSection(ProjectConfigurationPlatforms) = postSolution
		{D871C188-805D-4A3C-AA1C-5D7FB7EBE412}.Debug|Any CPU.ActiveCfg = Debug|Any CPU
		{D871C188-805D-4A3C-AA1C-5D7FB7EBE412}.Debug|Any CPU.Build.0 = Debug|Any CPU
		{D871C188-805D-4A3C-AA1C-5D7FB7EBE412}.Release|Any CPU.ActiveCfg = Release|Any CPU
		{D871C188-805D-4A3C-AA1C-5D7FB7EBE412}.Release|Any CPU.Build.0 = Release|Any CPU
	EndGlobalSection
	GlobalSection(SolutionProperties) = preSolution
		HideSolutionNode = FALSE
	EndGlobalSection
	GlobalSection(ExtensibilityGlobals) = postSolution
		SolutionGuid = {39E5B982-1908-4612-8C0B-138C1F6526BD}
	EndGlobalSection
EndGlobal
